<?xml version="1.0" encoding="UTF-8"?>
<CodeBlocks_project_file>
	<FileVersion major="1" minor="6"/>
	<Project>
		<Option title="MPCAnonymousBloging"/>
		<Option makefile_is_custom="1"/>
		<Option compiler="gcc"/>
		<Option virtualFolders="CMake Files\;"/>
		<Build>
			<Target title="all">
				<Option working_dir="/home/moriya/MPCAnonymousBloging"/>
				<Option type="4"/>
				<MakeCommands>
					<Build command="/usr/bin/make -j4 -f &quot;/home/moriya/MPCAnonymousBloging/Makefile&quot;  VERBOSE=1 all"/>
					<CompileFile command="/usr/bin/make -j4 -f &quot;/home/moriya/MPCAnonymousBloging/Makefile&quot;  VERBOSE=1 &quot;$file&quot;"/>
					<Clean command="/usr/bin/make -j4 -f &quot;/home/moriya/MPCAnonymousBloging/Makefile&quot;  VERBOSE=1 clean"/>
					<DistClean command="/usr/bin/make -j4 -f &quot;/home/moriya/MPCAnonymousBloging/Makefile&quot;  VERBOSE=1 clean"/>
				</MakeCommands>
			</Target>
			<Target title="rebuild_cache">
				<Option working_dir="/home/moriya/MPCAnonymousBloging"/>
				<Option type="4"/>
				<MakeCommands>
					<Build command="/usr/bin/make -j4 -f &quot;/home/moriya/MPCAnonymousBloging/Makefile&quot;  VERBOSE=1 rebuild_cache"/>
					<CompileFile command="/usr/bin/make -j4 -f &quot;/home/moriya/MPCAnonymousBloging/Makefile&quot;  VERBOSE=1 &quot;$file&quot;"/>
					<Clean command="/usr/bin/make -j4 -f &quot;/home/moriya/MPCAnonymousBloging/Makefile&quot;  VERBOSE=1 clean"/>
					<DistClean command="/usr/bin/make -j4 -f &quot;/home/moriya/MPCAnonymousBloging/Makefile&quot;  VERBOSE=1 clean"/>
				</MakeCommands>
			</Target>
			<Target title="MPCAnonymousBloging">
				<Option output="/home/moriya/MPCAnonymousBloging/MPCAnonymousBloging" prefix_auto="0" extension_auto="0"/>
				<Option working_dir="/home/moriya/MPCAnonymousBloging"/>
				<Option object_output="./"/>
				<Option type="1"/>
				<Option compiler="gcc"/>
				<Compiler>
					<Add directory="/home/moriya"/>
					<Add directory="/home/moriya/libscapi/install/include"/>
					<Add directory="/home/moriya/libscapi/install/include/OTExtensionBristol"/>
					<Add directory="/home/moriya/ClionProjects/MPCAnonymousBloging/gemmOren"/>
					<Add directory="/usr/include/c++/7"/>
					<Add directory="/usr/include/x86_64-linux-gnu/c++/7"/>
					<Add directory="/usr/include/c++/7/backward"/>
					<Add directory="/usr/lib/gcc/x86_64-linux-gnu/7/include"/>
					<Add directory="/usr/local/include"/>
					<Add directory="/usr/lib/gcc/x86_64-linux-gnu/7/include-fixed"/>
					<Add directory="/usr/include/x86_64-linux-gnu"/>
					<Add directory="/usr/include"/>
				</Compiler>
				<MakeCommands>
					<Build command="/usr/bin/make -j4 -f &quot;/home/moriya/MPCAnonymousBloging/Makefile&quot;  VERBOSE=1 MPCAnonymousBloging"/>
					<CompileFile command="/usr/bin/make -j4 -f &quot;/home/moriya/MPCAnonymousBloging/Makefile&quot;  VERBOSE=1 &quot;$file&quot;"/>
					<Clean command="/usr/bin/make -j4 -f &quot;/home/moriya/MPCAnonymousBloging/Makefile&quot;  VERBOSE=1 clean"/>
					<DistClean command="/usr/bin/make -j4 -f &quot;/home/moriya/MPCAnonymousBloging/Makefile&quot;  VERBOSE=1 clean"/>
				</MakeCommands>
			</Target>
			<Target title="MPCAnonymousBloging/fast">
				<Option output="/home/moriya/MPCAnonymousBloging/MPCAnonymousBloging" prefix_auto="0" extension_auto="0"/>
				<Option working_dir="/home/moriya/MPCAnonymousBloging"/>
				<Option object_output="./"/>
				<Option type="1"/>
				<Option compiler="gcc"/>
				<Compiler>
					<Add directory="/home/moriya"/>
					<Add directory="/home/moriya/libscapi/install/include"/>
					<Add directory="/home/moriya/libscapi/install/include/OTExtensionBristol"/>
					<Add directory="/home/moriya/ClionProjects/MPCAnonymousBloging/gemmOren"/>
					<Add directory="/usr/include/c++/7"/>
					<Add directory="/usr/include/x86_64-linux-gnu/c++/7"/>
					<Add directory="/usr/include/c++/7/backward"/>
					<Add directory="/usr/lib/gcc/x86_64-linux-gnu/7/include"/>
					<Add directory="/usr/local/include"/>
					<Add directory="/usr/lib/gcc/x86_64-linux-gnu/7/include-fixed"/>
					<Add directory="/usr/include/x86_64-linux-gnu"/>
					<Add directory="/usr/include"/>
				</Compiler>
				<MakeCommands>
					<Build command="/usr/bin/make -j4 -f &quot;/home/moriya/MPCAnonymousBloging/Makefile&quot;  VERBOSE=1 MPCAnonymousBloging/fast"/>
					<CompileFile command="/usr/bin/make -j4 -f &quot;/home/moriya/MPCAnonymousBloging/Makefile&quot;  VERBOSE=1 &quot;$file&quot;"/>
					<Clean command="/usr/bin/make -j4 -f &quot;/home/moriya/MPCAnonymousBloging/Makefile&quot;  VERBOSE=1 clean"/>
					<DistClean command="/usr/bin/make -j4 -f &quot;/home/moriya/MPCAnonymousBloging/Makefile&quot;  VERBOSE=1 clean"/>
				</MakeCommands>
			</Target>
			<Target title="edit_cache">
				<Option working_dir="/home/moriya/MPCAnonymousBloging"/>
				<Option type="4"/>
				<MakeCommands>
					<Build command="/usr/bin/make -j4 -f &quot;/home/moriya/MPCAnonymousBloging/Makefile&quot;  VERBOSE=1 edit_cache"/>
					<CompileFile command="/usr/bin/make -j4 -f &quot;/home/moriya/MPCAnonymousBloging/Makefile&quot;  VERBOSE=1 &quot;$file&quot;"/>
					<Clean command="/usr/bin/make -j4 -f &quot;/home/moriya/MPCAnonymousBloging/Makefile&quot;  VERBOSE=1 clean"/>
					<DistClean command="/usr/bin/make -j4 -f &quot;/home/moriya/MPCAnonymousBloging/Makefile&quot;  VERBOSE=1 clean"/>
				</MakeCommands>
			</Target>
		</Build>
		<Unit filename="/home/moriya/MPCAnonymousBloging/ProtocolParty.cpp">
			<Option target="MPCAnonymousBloging"/>
		</Unit>
		<Unit filename="/home/moriya/MPCAnonymousBloging/ProtocolParty.h">
			<Option target="MPCAnonymousBloging"/>
		</Unit>
		<Unit filename="/home/moriya/MPCAnonymousBloging/main.cpp">
			<Option target="MPCAnonymousBloging"/>
		</Unit>
		<Unit filename="/home/moriya/MPCAnonymousBloging/CMakeLists.txt">
			<Option virtualFolder="CMake Files\"/>
		</Unit>
	</Project>
</CodeBlocks_project_file>
